<?xml version="1.0" encoding="utf-8"?>
<Project ToolsVersion="4.0" xmlns="http://schemas.microsoft.com/developer/msbuild/2003">
  <ItemGroup>
    <Filter Include="Bang">
      <UniqueIdentifier>{BDEB827C-A922-840D-520F-6A103E25000F}</UniqueIdentifier>
    </Filter>
    <Filter Include="Bang\Events">
      <UniqueIdentifier>{0161BCBC-6D16-35B2-F60A-2F8962BF2BB6}</UniqueIdentifier>
    </Filter>
    <Filter Include="Bang\ImGui">
      <UniqueIdentifier>{A77A8E53-9332-D0A0-FC39-A9FCE8106B91}</UniqueIdentifier>
    </Filter>
    <Filter Include="Platform">
      <UniqueIdentifier>{2AC788B4-1694-E3BF-3FAD-D1672BD9184E}</UniqueIdentifier>
    </Filter>
    <Filter Include="Platform\OpenGL">
      <UniqueIdentifier>{1E7D2C1D-8A08-9AE1-9319-1DD6FF23F6E1}</UniqueIdentifier>
    </Filter>
    <Filter Include="Platform\Windows">
      <UniqueIdentifier>{64FBD71A-50F4-F66C-7926-DCF1657ED678}</UniqueIdentifier>
    </Filter>
  </ItemGroup>
  <ItemGroup>
    <ClInclude Include="src\Bang.h" />
    <ClInclude Include="src\Bang\Application.h">
      <Filter>Bang</Filter>
    </ClInclude>
    <ClInclude Include="src\Bang\Core.h">
      <Filter>Bang</Filter>
    </ClInclude>
    <ClInclude Include="src\Bang\EntryPoint.h">
      <Filter>Bang</Filter>
    </ClInclude>
    <ClInclude Include="src\Bang\Events\ApplicationEvent.h">
      <Filter>Bang\Events</Filter>
    </ClInclude>
    <ClInclude Include="src\Bang\Events\Event.h">
      <Filter>Bang\Events</Filter>
    </ClInclude>
    <ClInclude Include="src\Bang\Events\KeyEvent.h">
      <Filter>Bang\Events</Filter>
    </ClInclude>
    <ClInclude Include="src\Bang\Events\MouseEvent.h">
      <Filter>Bang\Events</Filter>
    </ClInclude>
    <ClInclude Include="src\Bang\ImGui\ImGuiLayer.h">
      <Filter>Bang\ImGui</Filter>
    </ClInclude>
    <ClInclude Include="src\Bang\Layer.h">
      <Filter>Bang</Filter>
    </ClInclude>
    <ClInclude Include="src\Bang\LayerStack.h">
      <Filter>Bang</Filter>
    </ClInclude>
    <ClInclude Include="src\Bang\Log.h">
      <Filter>Bang</Filter>
    </ClInclude>
    <ClInclude Include="src\Bang\Window.h">
      <Filter>Bang</Filter>
    </ClInclude>
    <ClInclude Include="src\Platform\OpenGL\ImGuiOpenGLRenderer.h">
      <Filter>Platform\OpenGL</Filter>
    </ClInclude>
    <ClInclude Include="src\Platform\Windows\WindowsWindow.h">
      <Filter>Platform\Windows</Filter>
    </ClInclude>
    <ClInclude Include="src\bapch.h" />
  </ItemGroup>
  <ItemGroup>
    <ClCompile Include="src\Bang\Application.cpp">
      <Filter>Bang</Filter>
    </ClCompile>
    <ClCompile Include="src\Bang\ImGui\ImGuiLayer.cpp">
      <Filter>Bang\ImGui</Filter>
    </ClCompile>
    <ClCompile Include="src\Bang\Layer.cpp">
      <Filter>Bang</Filter>
    </ClCompile>
    <ClCompile Include="src\Bang\LayerStack.cpp">
      <Filter>Bang</Filter>
    </ClCompile>
    <ClCompile Include="src\Bang\Log.cpp">
      <Filter>Bang</Filter>
    </ClCompile>
    <ClCompile Include="src\Platform\OpenGL\ImGuiOpenGLRenderer.cpp">
      <Filter>Platform\OpenGL</Filter>
    </ClCompile>
    <ClCompile Include="src\Platform\Windows\WindowsWindow.cpp">
      <Filter>Platform\Windows</Filter>
    </ClCompile>
    <ClCompile Include="src\bapch.cpp" />
  </ItemGroup>
</Project>