<?xml version="1.0" encoding="utf-8"?>
<Project ToolsVersion="4.0" xmlns="http://schemas.microsoft.com/developer/msbuild/2003">
  <ItemGroup>
    <Filter Include="Bang">
      <UniqueIdentifier>{BDEB827C-A922-840D-520F-6A103E25000F}</UniqueIdentifier>
    </Filter>
  </ItemGroup>
  <ItemGroup>
    <ClInclude Include="src\Bang.h" />
    <ClInclude Include="src\Bang\Application.h">
      <Filter>Bang</Filter>
    </ClInclude>
    <ClInclude Include="src\Bang\Core.h">
      <Filter>Bang</Filter>
    </ClInclude>
    <ClInclude Include="src\Bang\EntryPoint.h">
      <Filter>Bang</Filter>
    </ClInclude>
    <ClInclude Include="src\Bang\Log.h">
      <Filter>Bang</Filter>
    </ClInclude>
  </ItemGroup>
  <ItemGroup>
    <ClCompile Include="src\Bang\Application.cpp">
      <Filter>Bang</Filter>
    </ClCompile>
    <ClCompile Include="src\Bang\Log.cpp">
      <Filter>Bang</Filter>
    </ClCompile>
  </ItemGroup>
</Project>