<?xml version="1.0" encoding="utf-8"?>
<Project ToolsVersion="4.0" xmlns="http://schemas.microsoft.com/developer/msbuild/2003">
  <ItemGroup>
    <Filter Include="Bang">
      <UniqueIdentifier>{BDEB827C-A922-840D-520F-6A103E25000F}</UniqueIdentifier>
    </Filter>
    <Filter Include="Bang\Events">
      <UniqueIdentifier>{0161BCBC-6D16-35B2-F60A-2F8962BF2BB6}</UniqueIdentifier>
    </Filter>
    <Filter Include="Bang\Platform">
      <UniqueIdentifier>{B1AC76F9-1D6D-F22F-E6A7-3BAD5227370C}</UniqueIdentifier>
    </Filter>
    <Filter Include="Bang\Platform\Windows">
      <UniqueIdentifier>{EB777ABB-57E4-35B6-20D8-CD138C03581E}</UniqueIdentifier>
    </Filter>
  </ItemGroup>
  <ItemGroup>
    <ClInclude Include="src\Bang.h" />
    <ClInclude Include="src\Bang\Application.h">
      <Filter>Bang</Filter>
    </ClInclude>
    <ClInclude Include="src\Bang\Core.h">
      <Filter>Bang</Filter>
    </ClInclude>
    <ClInclude Include="src\Bang\EntryPoint.h">
      <Filter>Bang</Filter>
    </ClInclude>
    <ClInclude Include="src\Bang\Events\ApplicationEvent.h">
      <Filter>Bang\Events</Filter>
    </ClInclude>
    <ClInclude Include="src\Bang\Events\Event.h">
      <Filter>Bang\Events</Filter>
    </ClInclude>
    <ClInclude Include="src\Bang\Events\KeyEvent.h">
      <Filter>Bang\Events</Filter>
    </ClInclude>
    <ClInclude Include="src\Bang\Events\MouseEvent.h">
      <Filter>Bang\Events</Filter>
    </ClInclude>
    <ClInclude Include="src\Bang\Log.h">
      <Filter>Bang</Filter>
    </ClInclude>
    <ClInclude Include="src\Bang\Platform\Windows\WindowsWindow.h">
      <Filter>Bang\Platform\Windows</Filter>
    </ClInclude>
    <ClInclude Include="src\Bang\Window.h">
      <Filter>Bang</Filter>
    </ClInclude>
    <ClInclude Include="src\bapch.h" />
  </ItemGroup>
  <ItemGroup>
    <ClCompile Include="src\Bang\Application.cpp">
      <Filter>Bang</Filter>
    </ClCompile>
    <ClCompile Include="src\Bang\Log.cpp">
      <Filter>Bang</Filter>
    </ClCompile>
    <ClCompile Include="src\Bang\Platform\Windows\WindowsWindow.cpp">
      <Filter>Bang\Platform\Windows</Filter>
    </ClCompile>
    <ClCompile Include="src\bapch.cpp" />
  </ItemGroup>
</Project>